
Microsoft Visual Studio Solution File, Format Version 12.00
# Visual Studio 15
VisualStudioVersion = 15.0.27130.0
MinimumVisualStudioVersion = 10.0.40219.1
Project("{FAE04EC0-301F-11D3-BF4B-00C04F79EFBC}") = "CakeDemoTests", "CakeDemoTests\CakeDemoTests.csproj", "{CC7AD31E-94DF-482F-9469-12AA75B1BE4D}"
EndProject
Project("{FAE04EC0-301F-11D3-BF4B-00C04F79EFBC}") = "CakeDemoAddin", "CakeDemoAddin\CakeDemoAddin.csproj", "{62D41294-86B8-4BFB-AB79-79537125A22B}"
EndProject
Global
	GlobalSection(SolutionConfigurationPlatforms) = preSolution
		Debug|Any CPU = Debug|Any CPU
		Release|Any CPU = Release|Any CPU
	EndGlobalSection
	GlobalSection(ProjectConfigurationPlatforms) = postSolution
		{CC7AD31E-94DF-482F-9469-12AA75B1BE4D}.Debug|Any CPU.ActiveCfg = Debug|Any CPU
		{CC7AD31E-94DF-482F-9469-12AA75B1BE4D}.Debug|Any CPU.Build.0 = Debug|Any CPU
		{CC7AD31E-94DF-482F-9469-12AA75B1BE4D}.Release|Any CPU.ActiveCfg = Release|Any CPU
		{CC7AD31E-94DF-482F-9469-12AA75B1BE4D}.Release|Any CPU.Build.0 = Release|Any CPU
		{62D41294-86B8-4BFB-AB79-79537125A22B}.Debug|Any CPU.ActiveCfg = Debug|Any CPU
		{62D41294-86B8-4BFB-AB79-79537125A22B}.Debug|Any CPU.Build.0 = Debug|Any CPU
		{62D41294-86B8-4BFB-AB79-79537125A22B}.Release|Any CPU.ActiveCfg = Release|Any CPU
		{62D41294-86B8-4BFB-AB79-79537125A22B}.Release|Any CPU.Build.0 = Release|Any CPU
	EndGlobalSection
	GlobalSection(SolutionProperties) = preSolution
		HideSolutionNode = FALSE
	EndGlobalSection
	GlobalSection(ExtensibilityGlobals) = postSolution
		SolutionGuid = {266932F0-A7D2-4CEA-99E4-92FFEE10EB45}
	EndGlobalSection
EndGlobal
